
Microsoft Visual Studio Solution File, Format Version 12.00
# Visual Studio 14
VisualStudioVersion = 14.0.25420.1
MinimumVisualStudioVersion = 10.0.40219.1
Project("{FAE04EC0-301F-11D3-BF4B-00C04F79EFBC}") = "bug3_spikegl", "Bug3_for_SpikeGL\bug3_spikegl.csproj", "{86DB7B20-C948-4D43-BDF5-7284EA663FBC}"
EndProject
Global
	GlobalSection(SolutionConfigurationPlatforms) = preSolution
		Debug|Any CPU = Debug|Any CPU
		Debug|x86 = Debug|x86
		Release|Any CPU = Release|Any CPU
		Release|x86 = Release|x86
	EndGlobalSection
	GlobalSection(ProjectConfigurationPlatforms) = postSolution
		{86DB7B20-C948-4D43-BDF5-7284EA663FBC}.Debug|Any CPU.ActiveCfg = Release|Any CPU
		{86DB7B20-C948-4D43-BDF5-7284EA663FBC}.Debug|Any CPU.Build.0 = Release|Any CPU
		{86DB7B20-C948-4D43-BDF5-7284EA663FBC}.Debug|x86.ActiveCfg = Debug|x86
		{86DB7B20-C948-4D43-BDF5-7284EA663FBC}.Debug|x86.Build.0 = Debug|x86
		{86DB7B20-C948-4D43-BDF5-7284EA663FBC}.Release|Any CPU.ActiveCfg = Release|Any CPU
		{86DB7B20-C948-4D43-BDF5-7284EA663FBC}.Release|Any CPU.Build.0 = Release|Any CPU
		{86DB7B20-C948-4D43-BDF5-7284EA663FBC}.Release|Any CPU.Deploy.0 = Release|Any CPU
		{86DB7B20-C948-4D43-BDF5-7284EA663FBC}.Release|x86.ActiveCfg = Debug|x86
		{86DB7B20-C948-4D43-BDF5-7284EA663FBC}.Release|x86.Build.0 = Debug|x86
	EndGlobalSection
	GlobalSection(SolutionProperties) = preSolution
		HideSolutionNode = FALSE
	EndGlobalSection
EndGlobal
